
Microsoft Visual Studio Solution File, Format Version 12.00
# Visual Studio Version 18
VisualStudioVersion = 18.4.11620.152
MinimumVisualStudioVersion = 10.0.40219.1
Project("{FAE04EC0-301F-11D3-BF4B-00C04F79EFBC}") = "Ruler.Tests", "Ruler.Tests\Ruler.Tests.csproj", "{6EEC3011-3871-49AC-BA14-87E3EA3E2D84}"
EndProject
Project("{FAE04EC0-301F-11D3-BF4B-00C04F79EFBC}") = "Ruler.Shared", "Ruler.Shared\Ruler.Shared.csproj", "{B66439FF-BC75-469F-99FA-70AC0BAC4E7A}"
EndProject
Project("{FAE04EC0-301F-11D3-BF4B-00C04F79EFBC}") = "Ruler.Wpf", "Ruler.Wpf\Ruler.Wpf.csproj", "{6E022873-9990-440A-A95A-B3256EB93866}"
EndProject
Global
	GlobalSection(SolutionConfigurationPlatforms) = preSolution
		Debug|Any CPU = Debug|Any CPU
		Release|Any CPU = Release|Any CPU
	EndGlobalSection
	GlobalSection(ProjectConfigurationPlatforms) = postSolution
		{6EEC3011-3871-49AC-BA14-87E3EA3E2D84}.Debug|Any CPU.ActiveCfg = Debug|Any CPU
		{6EEC3011-3871-49AC-BA14-87E3EA3E2D84}.Debug|Any CPU.Build.0 = Debug|Any CPU
		{6EEC3011-3871-49AC-BA14-87E3EA3E2D84}.Release|Any CPU.ActiveCfg = Release|Any CPU
		{6EEC3011-3871-49AC-BA14-87E3EA3E2D84}.Release|Any CPU.Build.0 = Release|Any CPU
		{B66439FF-BC75-469F-99FA-70AC0BAC4E7A}.Debug|Any CPU.ActiveCfg = Debug|Any CPU
		{B66439FF-BC75-469F-99FA-70AC0BAC4E7A}.Debug|Any CPU.Build.0 = Debug|Any CPU
		{B66439FF-BC75-469F-99FA-70AC0BAC4E7A}.Release|Any CPU.ActiveCfg = Release|Any CPU
		{B66439FF-BC75-469F-99FA-70AC0BAC4E7A}.Release|Any CPU.Build.0 = Release|Any CPU
		{6E022873-9990-440A-A95A-B3256EB93866}.Debug|Any CPU.ActiveCfg = Debug|Any CPU
		{6E022873-9990-440A-A95A-B3256EB93866}.Debug|Any CPU.Build.0 = Debug|Any CPU
		{6E022873-9990-440A-A95A-B3256EB93866}.Release|Any CPU.ActiveCfg = Release|Any CPU
		{6E022873-9990-440A-A95A-B3256EB93866}.Release|Any CPU.Build.0 = Release|Any CPU
	EndGlobalSection
	GlobalSection(SolutionProperties) = preSolution
		HideSolutionNode = FALSE
	EndGlobalSection
	GlobalSection(ExtensibilityGlobals) = postSolution
		SolutionGuid = {D5CD45A7-F12A-4457-B453-F59FF337DC54}
	EndGlobalSection
EndGlobal
